// !$*UTF8*$!
{
	archiveVersion = 1;
	classes = {
	};
	objectVersion = 56;
	objects = {

/* Begin PBXBuildFile section */
		61C70C7C29EA5B1E0043663E /* AppDelegate.swift in Sources */ = {isa = PBXBuildFile; fileRef = 61C70C7B29EA5B1E0043663E /* AppDelegate.swift */; };
		61C70C7E29EA5B1E0043663E /* SceneDelegate.swift in Sources */ = {isa = PBXBuildFile; fileRef = 61C70C7D29EA5B1E0043663E /* SceneDelegate.swift */; };
		61C70C8029EA5B1E0043663E /* ViewController.swift in Sources */ = {isa = PBXBuildFile; fileRef = 61C70C7F29EA5B1E0043663E /* ViewController.swift */; };
		61C70C8329EA5B1E0043663E /* Main.storyboard in Resources */ = {isa = PBXBuildFile; fileRef = 61C70C8129EA5B1E0043663E /* Main.storyboard */; };
		61C70C8629EA5B1E0043663E /* flushApp.xcdatamodeld in Sources */ = {isa = PBXBuildFile; fileRef = 61C70C8429EA5B1E0043663E /* flushApp.xcdatamodeld */; };
		61C70C8829EA5B1F0043663E /* Assets.xcassets in Resources */ = {isa = PBXBuildFile; fileRef = 61C70C8729EA5B1F0043663E /* Assets.xcassets */; };
		61C70C8B29EA5B1F0043663E /* LaunchScreen.storyboard in Resources */ = {isa = PBXBuildFile; fileRef = 61C70C8929EA5B1F0043663E /* LaunchScreen.storyboard */; };
		61C70C9629EA5B200043663E /* flushAppTests.swift in Sources */ = {isa = PBXBuildFile; fileRef = 61C70C9529EA5B200043663E /* flushAppTests.swift */; };
		61C70CA029EA5B200043663E /* flushAppUITests.swift in Sources */ = {isa = PBXBuildFile; fileRef = 61C70C9F29EA5B200043663E /* flushAppUITests.swift */; };
		61C70CA229EA5B200043663E /* flushAppUITestsLaunchTests.swift in Sources */ = {isa = PBXBuildFile; fileRef = 61C70CA129EA5B200043663E /* flushAppUITestsLaunchTests.swift */; };
		61C70CAF29EA71050043663E /* wcListViewController.swift in Sources */ = {isa = PBXBuildFile; fileRef = 61C70CAE29EA71050043663E /* wcListViewController.swift */; };
		61C70CB129EA711D0043663E /* wcDetailViewController.swift in Sources */ = {isa = PBXBuildFile; fileRef = 61C70CB029EA711D0043663E /* wcDetailViewController.swift */; };
/* End PBXBuildFile section */

/* Begin PBXContainerItemProxy section */
		61C70C9229EA5B200043663E /* PBXContainerItemProxy */ = {
			isa = PBXContainerItemProxy;
			containerPortal = 61C70C7029EA5B1E0043663E /* Project object */;
			proxyType = 1;
			remoteGlobalIDString = 61C70C7729EA5B1E0043663E;
			remoteInfo = flushApp;
		};
		61C70C9C29EA5B200043663E /* PBXContainerItemProxy */ = {
			isa = PBXContainerItemProxy;
			containerPortal = 61C70C7029EA5B1E0043663E /* Project object */;
			proxyType = 1;
			remoteGlobalIDString = 61C70C7729EA5B1E0043663E;
			remoteInfo = flushApp;
		};
/* End PBXContainerItemProxy section */

/* Begin PBXFileReference section */
		61C70C7829EA5B1E0043663E /* flushApp.app */ = {isa = PBXFileReference; explicitFileType = wrapper.application; includeInIndex = 0; path = flushApp.app; sourceTree = BUILT_PRODUCTS_DIR; };
		61C70C7B29EA5B1E0043663E /* AppDelegate.swift */ = {isa = PBXFileReference; lastKnownFileType = sourcecode.swift; path = AppDelegate.swift; sourceTree = "<group>"; };
		61C70C7D29EA5B1E0043663E /* SceneDelegate.swift */ = {isa = PBXFileReference; lastKnownFileType = sourcecode.swift; path = SceneDelegate.swift; sourceTree = "<group>"; };
		61C70C7F29EA5B1E0043663E /* ViewController.swift */ = {isa = PBXFileReference; lastKnownFileType = sourcecode.swift; path = ViewController.swift; sourceTree = "<group>"; };
		61C70C8229EA5B1E0043663E /* Base */ = {isa = PBXFileReference; lastKnownFileType = file.storyboard; name = Base; path = Base.lproj/Main.storyboard; sourceTree = "<group>"; };
		61C70C8529EA5B1E0043663E /* flushApp.xcdatamodel */ = {isa = PBXFileReference; lastKnownFileType = wrapper.xcdatamodel; path = flushApp.xcdatamodel; sourceTree = "<group>"; };
		61C70C8729EA5B1F0043663E /* Assets.xcassets */ = {isa = PBXFileReference; lastKnownFileType = folder.assetcatalog; path = Assets.xcassets; sourceTree = "<group>"; };
		61C70C8A29EA5B1F0043663E /* Base */ = {isa = PBXFileReference; lastKnownFileType = file.storyboard; name = Base; path = Base.lproj/LaunchScreen.storyboard; sourceTree = "<group>"; };
		61C70C8C29EA5B1F0043663E /* Info.plist */ = {isa = PBXFileReference; lastKnownFileType = text.plist.xml; path = Info.plist; sourceTree = "<group>"; };
		61C70C9129EA5B200043663E /* flushAppTests.xctest */ = {isa = PBXFileReference; explicitFileType = wrapper.cfbundle; includeInIndex = 0; path = flushAppTests.xctest; sourceTree = BUILT_PRODUCTS_DIR; };
		61C70C9529EA5B200043663E /* flushAppTests.swift */ = {isa = PBXFileReference; lastKnownFileType = sourcecode.swift; path = flushAppTests.swift; sourceTree = "<group>"; };
		61C70C9B29EA5B200043663E /* flushAppUITests.xctest */ = {isa = PBXFileReference; explicitFileType = wrapper.cfbundle; includeInIndex = 0; path = flushAppUITests.xctest; sourceTree = BUILT_PRODUCTS_DIR; };
		61C70C9F29EA5B200043663E /* flushAppUITests.swift */ = {isa = PBXFileReference; lastKnownFileType = sourcecode.swift; path = flushAppUITests.swift; sourceTree = "<group>"; };
		61C70CA129EA5B200043663E /* flushAppUITestsLaunchTests.swift */ = {isa = PBXFileReference; lastKnownFileType = sourcecode.swift; path = flushAppUITestsLaunchTests.swift; sourceTree = "<group>"; };
		61C70CAE29EA71050043663E /* wcListViewController.swift */ = {isa = PBXFileReference; lastKnownFileType = sourcecode.swift; path = wcListViewController.swift; sourceTree = "<group>"; };
		61C70CB029EA711D0043663E /* wcDetailViewController.swift */ = {isa = PBXFileReference; lastKnownFileType = sourcecode.swift; path = wcDetailViewController.swift; sourceTree = "<group>"; };
/* End PBXFileReference section */

/* Begin PBXFrameworksBuildPhase section */
		61C70C7529EA5B1E0043663E /* Frameworks */ = {
			isa = PBXFrameworksBuildPhase;
			buildActionMask = 2147483647;
			files = (
			);
			runOnlyForDeploymentPostprocessing = 0;
		};
		61C70C8E29EA5B200043663E /* Frameworks */ = {
			isa = PBXFrameworksBuildPhase;
			buildActionMask = 2147483647;
			files = (
			);
			runOnlyForDeploymentPostprocessing = 0;
		};
		61C70C9829EA5B200043663E /* Frameworks */ = {
			isa = PBXFrameworksBuildPhase;
			buildActionMask = 2147483647;
			files = (
			);
			runOnlyForDeploymentPostprocessing = 0;
		};
/* End PBXFrameworksBuildPhase section */

/* Begin PBXGroup section */
		61C70C6F29EA5B1E0043663E = {
			isa = PBXGroup;
			children = (
				61C70C7A29EA5B1E0043663E /* flushApp */,
				61C70C9429EA5B200043663E /* flushAppTests */,
				61C70C9E29EA5B200043663E /* flushAppUITests */,
				61C70C7929EA5B1E0043663E /* Products */,
			);
			sourceTree = "<group>";
		};
		61C70C7929EA5B1E0043663E /* Products */ = {
			isa = PBXGroup;
			children = (
				61C70C7829EA5B1E0043663E /* flushApp.app */,
				61C70C9129EA5B200043663E /* flushAppTests.xctest */,
				61C70C9B29EA5B200043663E /* flushAppUITests.xctest */,
			);
			name = Products;
			sourceTree = "<group>";
		};
		61C70C7A29EA5B1E0043663E /* flushApp */ = {
			isa = PBXGroup;
			children = (
				61C70C7B29EA5B1E0043663E /* AppDelegate.swift */,
				61C70C7D29EA5B1E0043663E /* SceneDelegate.swift */,
				61C70C7F29EA5B1E0043663E /* ViewController.swift */,
				61C70CAE29EA71050043663E /* wcListViewController.swift */,
				61C70CB029EA711D0043663E /* wcDetailViewController.swift */,
				61C70C8129EA5B1E0043663E /* Main.storyboard */,
				61C70C8729EA5B1F0043663E /* Assets.xcassets */,
				61C70C8929EA5B1F0043663E /* LaunchScreen.storyboard */,
				61C70C8C29EA5B1F0043663E /* Info.plist */,
				61C70C8429EA5B1E0043663E /* flushApp.xcdatamodeld */,
			);
			path = flushApp;
			sourceTree = "<group>";
		};
		61C70C9429EA5B200043663E /* flushAppTests */ = {
			isa = PBXGroup;
			children = (
				61C70C9529EA5B200043663E /* flushAppTests.swift */,
			);
			path = flushAppTests;
			sourceTree = "<group>";
		};
		61C70C9E29EA5B200043663E /* flushAppUITests */ = {
			isa = PBXGroup;
			children = (
				61C70C9F29EA5B200043663E /* flushAppUITests.swift */,
				61C70CA129EA5B200043663E /* flushAppUITestsLaunchTests.swift */,
			);
			path = flushAppUITests;
			sourceTree = "<group>";
		};
/* End PBXGroup section */

/* Begin PBXNativeTarget section */
		61C70C7729EA5B1E0043663E /* flushApp */ = {
			isa = PBXNativeTarget;
			buildConfigurationList = 61C70CA529EA5B200043663E /* Build configuration list for PBXNativeTarget "flushApp" */;
			buildPhases = (
				61C70C7429EA5B1E0043663E /* Sources */,
				61C70C7529EA5B1E0043663E /* Frameworks */,
				61C70C7629EA5B1E0043663E /* Resources */,
			);
			buildRules = (
			);
			dependencies = (
			);
			name = flushApp;
			productName = flushApp;
			productReference = 61C70C7829EA5B1E0043663E /* flushApp.app */;
			productType = "com.apple.product-type.application";
		};
		61C70C9029EA5B200043663E /* flushAppTests */ = {
			isa = PBXNativeTarget;
			buildConfigurationList = 61C70CA829EA5B200043663E /* Build configuration list for PBXNativeTarget "flushAppTests" */;
			buildPhases = (
				61C70C8D29EA5B200043663E /* Sources */,
				61C70C8E29EA5B200043663E /* Frameworks */,
				61C70C8F29EA5B200043663E /* Resources */,
			);
			buildRules = (
			);
			dependencies = (
				61C70C9329EA5B200043663E /* PBXTargetDependency */,
			);
			name = flushAppTests;
			productName = flushAppTests;
			productReference = 61C70C9129EA5B200043663E /* flushAppTests.xctest */;
			productType = "com.apple.product-type.bundle.unit-test";
		};
		61C70C9A29EA5B200043663E /* flushAppUITests */ = {
			isa = PBXNativeTarget;
			buildConfigurationList = 61C70CAB29EA5B200043663E /* Build configuration list for PBXNativeTarget "flushAppUITests" */;
			buildPhases = (
				61C70C9729EA5B200043663E /* Sources */,
				61C70C9829EA5B200043663E /* Frameworks */,
				61C70C9929EA5B200043663E /* Resources */,
			);
			buildRules = (
			);
			dependencies = (
				61C70C9D29EA5B200043663E /* PBXTargetDependency */,
			);
			name = flushAppUITests;
			productName = flushAppUITests;
			productReference = 61C70C9B29EA5B200043663E /* flushAppUITests.xctest */;
			productType = "com.apple.product-type.bundle.ui-testing";
		};
/* End PBXNativeTarget section */

/* Begin PBXProject section */
		61C70C7029EA5B1E0043663E /* Project object */ = {
			isa = PBXProject;
			attributes = {
				BuildIndependentTargetsInParallel = 1;
				LastSwiftUpdateCheck = 1420;
				LastUpgradeCheck = 1420;
				TargetAttributes = {
					61C70C7729EA5B1E0043663E = {
						CreatedOnToolsVersion = 14.2;
					};
					61C70C9029EA5B200043663E = {
						CreatedOnToolsVersion = 14.2;
						TestTargetID = 61C70C7729EA5B1E0043663E;
					};
					61C70C9A29EA5B200043663E = {
						CreatedOnToolsVersion = 14.2;
						TestTargetID = 61C70C7729EA5B1E0043663E;
					};
				};
			};
			buildConfigurationList = 61C70C7329EA5B1E0043663E /* Build configuration list for PBXProject "flushApp" */;
			compatibilityVersion = "Xcode 14.0";
			developmentRegion = en;
			hasScannedForEncodings = 0;
			knownRegions = (
				en,
				Base,
			);
			mainGroup = 61C70C6F29EA5B1E0043663E;
			productRefGroup = 61C70C7929EA5B1E0043663E /* Products */;
			projectDirPath = "";
			projectRoot = "";
			targets = (
				61C70C7729EA5B1E0043663E /* flushApp */,
				61C70C9029EA5B200043663E /* flushAppTests */,
				61C70C9A29EA5B200043663E /* flushAppUITests */,
			);
		};
/* End PBXProject section */

/* Begin PBXResourcesBuildPhase section */
		61C70C7629EA5B1E0043663E /* Resources */ = {
			isa = PBXResourcesBuildPhase;
			buildActionMask = 2147483647;
			files = (
				61C70C8B29EA5B1F0043663E /* LaunchScreen.storyboard in Resources */,
				61C70C8829EA5B1F0043663E /* Assets.xcassets in Resources */,
				61C70C8329EA5B1E0043663E /* Main.storyboard in Resources */,
			);
			runOnlyForDeploymentPostprocessing = 0;
		};
		61C70C8F29EA5B200043663E /* Resources */ = {
			isa = PBXResourcesBuildPhase;
			buildActionMask = 2147483647;
			files = (
			);
			runOnlyForDeploymentPostprocessing = 0;
		};
		61C70C9929EA5B200043663E /* Resources */ = {
			isa = PBXResourcesBuildPhase;
			buildActionMask = 2147483647;
			files = (
			);
			runOnlyForDeploymentPostprocessing = 0;
		};
/* End PBXResourcesBuildPhase section */

/* Begin PBXSourcesBuildPhase section */
		61C70C7429EA5B1E0043663E /* Sources */ = {
			isa = PBXSourcesBuildPhase;
			buildActionMask = 2147483647;
			files = (
				61C70CAF29EA71050043663E /* wcListViewController.swift in Sources */,
				61C70C8629EA5B1E0043663E /* flushApp.xcdatamodeld in Sources */,
				61C70C8029EA5B1E0043663E /* ViewController.swift in Sources */,
				61C70C7C29EA5B1E0043663E /* AppDelegate.swift in Sources */,
				61C70C7E29EA5B1E0043663E /* SceneDelegate.swift in Sources */,
				61C70CB129EA711D0043663E /* wcDetailViewController.swift in Sources */,
			);
			runOnlyForDeploymentPostprocessing = 0;
		};
		61C70C8D29EA5B200043663E /* Sources */ = {
			isa = PBXSourcesBuildPhase;
			buildActionMask = 2147483647;
			files = (
				61C70C9629EA5B200043663E /* flushAppTests.swift in Sources */,
			);
			runOnlyForDeploymentPostprocessing = 0;
		};
		61C70C9729EA5B200043663E /* Sources */ = {
			isa = PBXSourcesBuildPhase;
			buildActionMask = 2147483647;
			files = (
				61C70CA229EA5B200043663E /* flushAppUITestsLaunchTests.swift in Sources */,
				61C70CA029EA5B200043663E /* flushAppUITests.swift in Sources */,
			);
			runOnlyForDeploymentPostprocessing = 0;
		};
/* End PBXSourcesBuildPhase section */

/* Begin PBXTargetDependency section */
		61C70C9329EA5B200043663E /* PBXTargetDependency */ = {
			isa = PBXTargetDependency;
			target = 61C70C7729EA5B1E0043663E /* flushApp */;
			targetProxy = 61C70C9229EA5B200043663E /* PBXContainerItemProxy */;
		};
		61C70C9D29EA5B200043663E /* PBXTargetDependency */ = {
			isa = PBXTargetDependency;
			target = 61C70C7729EA5B1E0043663E /* flushApp */;
			targetProxy = 61C70C9C29EA5B200043663E /* PBXContainerItemProxy */;
		};
/* End PBXTargetDependency section */

/* Begin PBXVariantGroup section */
		61C70C8129EA5B1E0043663E /* Main.storyboard */ = {
			isa = PBXVariantGroup;
			children = (
				61C70C8229EA5B1E0043663E /* Base */,
			);
			name = Main.storyboard;
			sourceTree = "<group>";
		};
		61C70C8929EA5B1F0043663E /* LaunchScreen.storyboard */ = {
			isa = PBXVariantGroup;
			children = (
				61C70C8A29EA5B1F0043663E /* Base */,
			);
			name = LaunchScreen.storyboard;
			sourceTree = "<group>";
		};
/* End PBXVariantGroup section */

/* Begin XCBuildConfiguration section */
		61C70CA329EA5B200043663E /* Debug */ = {
			isa = XCBuildConfiguration;
			buildSettings = {
				ALWAYS_SEARCH_USER_PATHS = NO;
				CLANG_ANALYZER_NONNULL = YES;
				CLANG_ANALYZER_NUMBER_OBJECT_CONVERSION = YES_AGGRESSIVE;
				CLANG_CXX_LANGUAGE_STANDARD = "gnu++20";
				CLANG_ENABLE_MODULES = YES;
				CLANG_ENABLE_OBJC_ARC = YES;
				CLANG_ENABLE_OBJC_WEAK = YES;
				CLANG_WARN_BLOCK_CAPTURE_AUTORELEASING = YES;
				CLANG_WARN_BOOL_CONVERSION = YES;
				CLANG_WARN_COMMA = YES;
				CLANG_WARN_CONSTANT_CONVERSION = YES;
				CLANG_WARN_DEPRECATED_OBJC_IMPLEMENTATIONS = YES;
				CLANG_WARN_DIRECT_OBJC_ISA_USAGE = YES_ERROR;
				CLANG_WARN_DOCUMENTATION_COMMENTS = YES;
				CLANG_WARN_EMPTY_BODY = YES;
				CLANG_WARN_ENUM_CONVERSION = YES;
				CLANG_WARN_INFINITE_RECURSION = YES;
				CLANG_WARN_INT_CONVERSION = YES;
				CLANG_WARN_NON_LITERAL_NULL_CONVERSION = YES;
				CLANG_WARN_OBJC_IMPLICIT_RETAIN_SELF = YES;
				CLANG_WARN_OBJC_LITERAL_CONVERSION = YES;
				CLANG_WARN_OBJC_ROOT_CLASS = YES_ERROR;
				CLANG_WARN_QUOTED_INCLUDE_IN_FRAMEWORK_HEADER = YES;
				CLANG_WARN_RANGE_LOOP_ANALYSIS = YES;
				CLANG_WARN_STRICT_PROTOTYPES = YES;
				CLANG_WARN_SUSPICIOUS_MOVE = YES;
				CLANG_WARN_UNGUARDED_AVAILABILITY = YES_AGGRESSIVE;
				CLANG_WARN_UNREACHABLE_CODE = YES;
				CLANG_WARN__DUPLICATE_METHOD_MATCH = YES;
				COPY_PHASE_STRIP = NO;
				DEBUG_INFORMATION_FORMAT = dwarf;
				ENABLE_STRICT_OBJC_MSGSEND = YES;
				ENABLE_TESTABILITY = YES;
				GCC_C_LANGUAGE_STANDARD = gnu11;
				GCC_DYNAMIC_NO_PIC = NO;
				GCC_NO_COMMON_BLOCKS = YES;
				GCC_OPTIMIZATION_LEVEL = 0;
				GCC_PREPROCESSOR_DEFINITIONS = (
					"DEBUG=1",
					"$(inherited)",
				);
				GCC_WARN_64_TO_32_BIT_CONVERSION = YES;
				GCC_WARN_ABOUT_RETURN_TYPE = YES_ERROR;
				GCC_WARN_UNDECLARED_SELECTOR = YES;
				GCC_WARN_UNINITIALIZED_AUTOS = YES_AGGRESSIVE;
				GCC_WARN_UNUSED_FUNCTION = YES;
				GCC_WARN_UNUSED_VARIABLE = YES;
				IPHONEOS_DEPLOYMENT_TARGET = 16.2;
				MTL_ENABLE_DEBUG_INFO = INCLUDE_SOURCE;
				MTL_FAST_MATH = YES;
				ONLY_ACTIVE_ARCH = YES;
				SDKROOT = iphoneos;
				SWIFT_ACTIVE_COMPILATION_CONDITIONS = DEBUG;
				SWIFT_OPTIMIZATION_LEVEL = "-Onone";
			};
			name = Debug;
		};
		61C70CA429EA5B200043663E /* Release */ = {
			isa = XCBuildConfiguration;
			buildSettings = {
				ALWAYS_SEARCH_USER_PATHS = NO;
				CLANG_ANALYZER_NONNULL = YES;
				CLANG_ANALYZER_NUMBER_OBJECT_CONVERSION = YES_AGGRESSIVE;
				CLANG_CXX_LANGUAGE_STANDARD = "gnu++20";
				CLANG_ENABLE_MODULES = YES;
				CLANG_ENABLE_OBJC_ARC = YES;
				CLANG_ENABLE_OBJC_WEAK = YES;
				CLANG_WARN_BLOCK_CAPTURE_AUTORELEASING = YES;
				CLANG_WARN_BOOL_CONVERSION = YES;
				CLANG_WARN_COMMA = YES;
				CLANG_WARN_CONSTANT_CONVERSION = YES;
				CLANG_WARN_DEPRECATED_OBJC_IMPLEMENTATIONS = YES;
				CLANG_WARN_DIRECT_OBJC_ISA_USAGE = YES_ERROR;
				CLANG_WARN_DOCUMENTATION_COMMENTS = YES;
				CLANG_WARN_EMPTY_BODY = YES;
				CLANG_WARN_ENUM_CONVERSION = YES;
				CLANG_WARN_INFINITE_RECURSION = YES;
				CLANG_WARN_INT_CONVERSION = YES;
				CLANG_WARN_NON_LITERAL_NULL_CONVERSION = YES;
				CLANG_WARN_OBJC_IMPLICIT_RETAIN_SELF = YES;
				CLANG_WARN_OBJC_LITERAL_CONVERSION = YES;
				CLANG_WARN_OBJC_ROOT_CLASS = YES_ERROR;
				CLANG_WARN_QUOTED_INCLUDE_IN_FRAMEWORK_HEADER = YES;
				CLANG_WARN_RANGE_LOOP_ANALYSIS = YES;
				CLANG_WARN_STRICT_PROTOTYPES = YES;
				CLANG_WARN_SUSPICIOUS_MOVE = YES;
				CLANG_WARN_UNGUARDED_AVAILABILITY = YES_AGGRESSIVE;
				CLANG_WARN_UNREACHABLE_CODE = YES;
				CLANG_WARN__DUPLICATE_METHOD_MATCH = YES;
				COPY_PHASE_STRIP = NO;
				DEBUG_INFORMATION_FORMAT = "dwarf-with-dsym";
				ENABLE_NS_ASSERTIONS = NO;
				ENABLE_STRICT_OBJC_MSGSEND = YES;
				GCC_C_LANGUAGE_STANDARD = gnu11;
				GCC_NO_COMMON_BLOCKS = YES;
				GCC_WARN_64_TO_32_BIT_CONVERSION = YES;
				GCC_WARN_ABOUT_RETURN_TYPE = YES_ERROR;
				GCC_WARN_UNDECLARED_SELECTOR = YES;
				GCC_WARN_UNINITIALIZED_AUTOS = YES_AGGRESSIVE;
				GCC_WARN_UNUSED_FUNCTION = YES;
				GCC_WARN_UNUSED_VARIABLE = YES;
				IPHONEOS_DEPLOYMENT_TARGET = 16.2;
				MTL_ENABLE_DEBUG_INFO = NO;
				MTL_FAST_MATH = YES;
				SDKROOT = iphoneos;
				SWIFT_COMPILATION_MODE = wholemodule;
				SWIFT_OPTIMIZATION_LEVEL = "-O";
				VALIDATE_PRODUCT = YES;
			};
			name = Release;
		};
		61C70CA629EA5B200043663E /* Debug */ = {
			isa = XCBuildConfiguration;
			buildSettings = {
				ASSETCATALOG_COMPILER_APPICON_NAME = AppIcon;
				ASSETCATALOG_COMPILER_GLOBAL_ACCENT_COLOR_NAME = AccentColor;
				CODE_SIGN_STYLE = Automatic;
				CURRENT_PROJECT_VERSION = 1;
				DEVELOPMENT_TEAM = "";
				GENERATE_INFOPLIST_FILE = YES;
				INFOPLIST_FILE = flushApp/Info.plist;
				INFOPLIST_KEY_UIApplicationSupportsIndirectInputEvents = YES;
				INFOPLIST_KEY_UILaunchStoryboardName = LaunchScreen;
				INFOPLIST_KEY_UIMainStoryboardFile = Main;
				INFOPLIST_KEY_UISupportedInterfaceOrientations_iPad = "UIInterfaceOrientationPortrait UIInterfaceOrientationPortraitUpsideDown UIInterfaceOrientationLandscapeLeft UIInterfaceOrientationLandscapeRight";
				INFOPLIST_KEY_UISupportedInterfaceOrientations_iPhone = "UIInterfaceOrientationPortrait UIInterfaceOrientationLandscapeLeft UIInterfaceOrientationLandscapeRight";
				LD_RUNPATH_SEARCH_PATHS = (
					"$(inherited)",
					"@executable_path/Frameworks",
				);
				MARKETING_VERSION = 1.0;
				PRODUCT_BUNDLE_IDENTIFIER = Kanneka.flushApp;
				PRODUCT_NAME = "$(TARGET_NAME)";
				SWIFT_EMIT_LOC_STRINGS = YES;
				SWIFT_VERSION = 5.0;
				TARGETED_DEVICE_FAMILY = "1,2";
			};
			name = Debug;
		};
		61C70CA729EA5B200043663E /* Release */ = {
			isa = XCBuildConfiguration;
			buildSettings = {
				ASSETCATALOG_COMPILER_APPICON_NAME = AppIcon;
				ASSETCATALOG_COMPILER_GLOBAL_ACCENT_COLOR_NAME = AccentColor;
				CODE_SIGN_STYLE = Automatic;
				CURRENT_PROJECT_VERSION = 1;
				DEVELOPMENT_TEAM = "";
				GENERATE_INFOPLIST_FILE = YES;
				INFOPLIST_FILE = flushApp/Info.plist;
				INFOPLIST_KEY_UIApplicationSupportsIndirectInputEvents = YES;
				INFOPLIST_KEY_UILaunchStoryboardName = LaunchScreen;
				INFOPLIST_KEY_UIMainStoryboardFile = Main;
				INFOPLIST_KEY_UISupportedInterfaceOrientations_iPad = "UIInterfaceOrientationPortrait UIInterfaceOrientationPortraitUpsideDown UIInterfaceOrientationLandscapeLeft UIInterfaceOrientationLandscapeRight";
				INFOPLIST_KEY_UISupportedInterfaceOrientations_iPhone = "UIInterfaceOrientationPortrait UIInterfaceOrientationLandscapeLeft UIInterfaceOrientationLandscapeRight";
				LD_RUNPATH_SEARCH_PATHS = (
					"$(inherited)",
					"@executable_path/Frameworks",
				);
				MARKETING_VERSION = 1.0;
				PRODUCT_BUNDLE_IDENTIFIER = Kanneka.flushApp;
				PRODUCT_NAME = "$(TARGET_NAME)";
				SWIFT_EMIT_LOC_STRINGS = YES;
				SWIFT_VERSION = 5.0;
				TARGETED_DEVICE_FAMILY = "1,2";
			};
			name = Release;
		};
		61C70CA929EA5B200043663E /* Debug */ = {
			isa = XCBuildConfiguration;
			buildSettings = {
				ALWAYS_EMBED_SWIFT_STANDARD_LIBRARIES = YES;
				BUNDLE_LOADER = "$(TEST_HOST)";
				CODE_SIGN_STYLE = Automatic;
				CURRENT_PROJECT_VERSION = 1;
				DEVELOPMENT_TEAM = 6FHV9MCCP9;
				GENERATE_INFOPLIST_FILE = YES;
				IPHONEOS_DEPLOYMENT_TARGET = 16.2;
				MARKETING_VERSION = 1.0;
				PRODUCT_BUNDLE_IDENTIFIER = Kanneka.flushAppTests;
				PRODUCT_NAME = "$(TARGET_NAME)";
				SWIFT_EMIT_LOC_STRINGS = NO;
				SWIFT_VERSION = 5.0;
				TARGETED_DEVICE_FAMILY = "1,2";
				TEST_HOST = "$(BUILT_PRODUCTS_DIR)/flushApp.app/$(BUNDLE_EXECUTABLE_FOLDER_PATH)/flushApp";
			};
			name = Debug;
		};
		61C70CAA29EA5B200043663E /* Release */ = {
			isa = XCBuildConfiguration;
			buildSettings = {
				ALWAYS_EMBED_SWIFT_STANDARD_LIBRARIES = YES;
				BUNDLE_LOADER = "$(TEST_HOST)";
				CODE_SIGN_STYLE = Automatic;
				CURRENT_PROJECT_VERSION = 1;
				DEVELOPMENT_TEAM = 6FHV9MCCP9;
				GENERATE_INFOPLIST_FILE = YES;
				IPHONEOS_DEPLOYMENT_TARGET = 16.2;
				MARKETING_VERSION = 1.0;
				PRODUCT_BUNDLE_IDENTIFIER = Kanneka.flushAppTests;
				PRODUCT_NAME = "$(TARGET_NAME)";
				SWIFT_EMIT_LOC_STRINGS = NO;
				SWIFT_VERSION = 5.0;
				TARGETED_DEVICE_FAMILY = "1,2";
				TEST_HOST = "$(BUILT_PRODUCTS_DIR)/flushApp.app/$(BUNDLE_EXECUTABLE_FOLDER_PATH)/flushApp";
			};
			name = Release;
		};
		61C70CAC29EA5B200043663E /* Debug */ = {
			isa = XCBuildConfiguration;
			buildSettings = {
				ALWAYS_EMBED_SWIFT_STANDARD_LIBRARIES = YES;
				CODE_SIGN_STYLE = Automatic;
				CURRENT_PROJECT_VERSION = 1;
				DEVELOPMENT_TEAM = 6FHV9MCCP9;
				GENERATE_INFOPLIST_FILE = YES;
				MARKETING_VERSION = 1.0;
				PRODUCT_BUNDLE_IDENTIFIER = Kanneka.flushAppUITests;
				PRODUCT_NAME = "$(TARGET_NAME)";
				SWIFT_EMIT_LOC_STRINGS = NO;
				SWIFT_VERSION = 5.0;
				TARGETED_DEVICE_FAMILY = "1,2";
				TEST_TARGET_NAME = flushApp;
			};
			name = Debug;
		};
		61C70CAD29EA5B200043663E /* Release */ = {
			isa = XCBuildConfiguration;
			buildSettings = {
				ALWAYS_EMBED_SWIFT_STANDARD_LIBRARIES = YES;
				CODE_SIGN_STYLE = Automatic;
				CURRENT_PROJECT_VERSION = 1;
				DEVELOPMENT_TEAM = 6FHV9MCCP9;
				GENERATE_INFOPLIST_FILE = YES;
				MARKETING_VERSION = 1.0;
				PRODUCT_BUNDLE_IDENTIFIER = Kanneka.flushAppUITests;
				PRODUCT_NAME = "$(TARGET_NAME)";
				SWIFT_EMIT_LOC_STRINGS = NO;
				SWIFT_VERSION = 5.0;
				TARGETED_DEVICE_FAMILY = "1,2";
				TEST_TARGET_NAME = flushApp;
			};
			name = Release;
		};
/* End XCBuildConfiguration section */

/* Begin XCConfigurationList section */
		61C70C7329EA5B1E0043663E /* Build configuration list for PBXProject "flushApp" */ = {
			isa = XCConfigurationList;
			buildConfigurations = (
				61C70CA329EA5B200043663E /* Debug */,
				61C70CA429EA5B200043663E /* Release */,
			);
			defaultConfigurationIsVisible = 0;
			defaultConfigurationName = Release;
		};
		61C70CA529EA5B200043663E /* Build configuration list for PBXNativeTarget "flushApp" */ = {
			isa = XCConfigurationList;
			buildConfigurations = (
				61C70CA629EA5B200043663E /* Debug */,
				61C70CA729EA5B200043663E /* Release */,
			);
			defaultConfigurationIsVisible = 0;
			defaultConfigurationName = Release;
		};
		61C70CA829EA5B200043663E /* Build configuration list for PBXNativeTarget "flushAppTests" */ = {
			isa = XCConfigurationList;
			buildConfigurations = (
				61C70CA929EA5B200043663E /* Debug */,
				61C70CAA29EA5B200043663E /* Release */,
			);
			defaultConfigurationIsVisible = 0;
			defaultConfigurationName = Release;
		};
		61C70CAB29EA5B200043663E /* Build configuration list for PBXNativeTarget "flushAppUITests" */ = {
			isa = XCConfigurationList;
			buildConfigurations = (
				61C70CAC29EA5B200043663E /* Debug */,
				61C70CAD29EA5B200043663E /* Release */,
			);
			defaultConfigurationIsVisible = 0;
			defaultConfigurationName = Release;
		};
/* End XCConfigurationList section */

/* Begin XCVersionGroup section */
		61C70C8429EA5B1E0043663E /* flushApp.xcdatamodeld */ = {
			isa = XCVersionGroup;
			children = (
				61C70C8529EA5B1E0043663E /* flushApp.xcdatamodel */,
			);
			currentVersion = 61C70C8529EA5B1E0043663E /* flushApp.xcdatamodel */;
			path = flushApp.xcdatamodeld;
			sourceTree = "<group>";
			versionGroupType = wrapper.xcdatamodel;
		};
/* End XCVersionGroup section */
	};
	rootObject = 61C70C7029EA5B1E0043663E /* Project object */;
}
